// !$*UTF8*$!
{
	archiveVersion = 1;
	classes = {
	};
	objectVersion = 46;
	objects = {

/* Begin PBXBuildFile section */
		B22009A5198C8D4000C32CBD /* HNCIdobataApp.m in Sources */ = {isa = PBXBuildFile; fileRef = B22009A4198C8D4000C32CBD /* HNCIdobataApp.m */; };
		B2CDCF741983D66A0087F0AF /* Foundation.framework in Frameworks */ = {isa = PBXBuildFile; fileRef = B2CDCF731983D66A0087F0AF /* Foundation.framework */; };
		B2CDCF761983D66A0087F0AF /* CoreGraphics.framework in Frameworks */ = {isa = PBXBuildFile; fileRef = B2CDCF751983D66A0087F0AF /* CoreGraphics.framework */; };
		B2CDCF781983D66A0087F0AF /* UIKit.framework in Frameworks */ = {isa = PBXBuildFile; fileRef = B2CDCF771983D66A0087F0AF /* UIKit.framework */; };
		B2CDCF7E1983D66A0087F0AF /* InfoPlist.strings in Resources */ = {isa = PBXBuildFile; fileRef = B2CDCF7C1983D66A0087F0AF /* InfoPlist.strings */; };
		B2CDCF801983D66A0087F0AF /* main.m in Sources */ = {isa = PBXBuildFile; fileRef = B2CDCF7F1983D66A0087F0AF /* main.m */; };
		B2CDCF841983D66A0087F0AF /* HNCAppDelegate.m in Sources */ = {isa = PBXBuildFile; fileRef = B2CDCF831983D66A0087F0AF /* HNCAppDelegate.m */; };
		B2CDCF861983D66A0087F0AF /* Images.xcassets in Resources */ = {isa = PBXBuildFile; fileRef = B2CDCF851983D66A0087F0AF /* Images.xcassets */; };
		B2CDCF8D1983D66A0087F0AF /* XCTest.framework in Frameworks */ = {isa = PBXBuildFile; fileRef = B2CDCF8C1983D66A0087F0AF /* XCTest.framework */; };
		B2CDCF8E1983D66A0087F0AF /* Foundation.framework in Frameworks */ = {isa = PBXBuildFile; fileRef = B2CDCF731983D66A0087F0AF /* Foundation.framework */; };
		B2CDCF8F1983D66A0087F0AF /* UIKit.framework in Frameworks */ = {isa = PBXBuildFile; fileRef = B2CDCF771983D66A0087F0AF /* UIKit.framework */; };
		B2CDCF971983D66B0087F0AF /* InfoPlist.strings in Resources */ = {isa = PBXBuildFile; fileRef = B2CDCF951983D66B0087F0AF /* InfoPlist.strings */; };
		B2CDCF991983D66B0087F0AF /* IdbtTests.m in Sources */ = {isa = PBXBuildFile; fileRef = B2CDCF981983D66B0087F0AF /* IdbtTests.m */; };
		B2CDCFA31983D7B00087F0AF /* Storyboard.storyboard in Resources */ = {isa = PBXBuildFile; fileRef = B2CDCFA21983D7B00087F0AF /* Storyboard.storyboard */; };
		B2CDCFA71983D85C0087F0AF /* HNCTopViewController.m in Sources */ = {isa = PBXBuildFile; fileRef = B2CDCFA51983D85C0087F0AF /* HNCTopViewController.m */; };
		B2CDCFA81983D85C0087F0AF /* HNCTopViewController.xib in Resources */ = {isa = PBXBuildFile; fileRef = B2CDCFA61983D85C0087F0AF /* HNCTopViewController.xib */; };
		B2CDCFAB1983DEBB0087F0AF /* HNCSettingsViewController.m in Sources */ = {isa = PBXBuildFile; fileRef = B2CDCFAA1983DEBB0087F0AF /* HNCSettingsViewController.m */; };
		B2CDCFAE1983E4E10087F0AF /* HNCIdobataClient.m in Sources */ = {isa = PBXBuildFile; fileRef = B2CDCFAD1983E4E10087F0AF /* HNCIdobataClient.m */; };
		B2E8EACF198BEB1500B1B415 /* HNCRoomsTableViewCell.m in Sources */ = {isa = PBXBuildFile; fileRef = B2E8EACD198BEB1500B1B415 /* HNCRoomsTableViewCell.m */; };
		B2E8EAD0198BEB1500B1B415 /* HNCRoomsTableViewCell.xib in Resources */ = {isa = PBXBuildFile; fileRef = B2E8EACE198BEB1500B1B415 /* HNCRoomsTableViewCell.xib */; };
		B2EC47271984EF6000715B48 /* HNCIdobataSeed.m in Sources */ = {isa = PBXBuildFile; fileRef = B2EC47261984EF6000715B48 /* HNCIdobataSeed.m */; };
		B2EC472A1984FBD600715B48 /* HNCIdobataMessage.m in Sources */ = {isa = PBXBuildFile; fileRef = B2EC47291984FBD600715B48 /* HNCIdobataMessage.m */; };
		B2EC472D1985181200715B48 /* HNCMessagesTableViewController.m in Sources */ = {isa = PBXBuildFile; fileRef = B2EC472C1985181200715B48 /* HNCMessagesTableViewController.m */; };
		B2EC473219851A7A00715B48 /* HNCMessagesTableViewCell.m in Sources */ = {isa = PBXBuildFile; fileRef = B2EC473019851A7A00715B48 /* HNCMessagesTableViewCell.m */; };
		B2EC473319851A7A00715B48 /* HNCMessagesTableViewCell.xib in Resources */ = {isa = PBXBuildFile; fileRef = B2EC473119851A7A00715B48 /* HNCMessagesTableViewCell.xib */; };
		B2EC473619851F2500715B48 /* HNCMessagesTableViewConstant.m in Sources */ = {isa = PBXBuildFile; fileRef = B2EC473519851F2500715B48 /* HNCMessagesTableViewConstant.m */; };
		B2F05318198A6EF80026CC72 /* HNCRoomsTableViewController.m in Sources */ = {isa = PBXBuildFile; fileRef = B2F05316198A6EF80026CC72 /* HNCRoomsTableViewController.m */; };
		B2F05319198A6EF80026CC72 /* HNCRoomsControllerTableViewController.xib in Resources */ = {isa = PBXBuildFile; fileRef = B2F05317198A6EF80026CC72 /* HNCRoomsControllerTableViewController.xib */; };
		B2F0531F198A72760026CC72 /* HNCIdobataRoom.m in Sources */ = {isa = PBXBuildFile; fileRef = B2F0531E198A72760026CC72 /* HNCIdobataRoom.m */; };
		F6018AF1175B4999ABE8143C /* libPods.a in Frameworks */ = {isa = PBXBuildFile; fileRef = 0D9D148599FB435988029055 /* libPods.a */; };
/* End PBXBuildFile section */

/* Begin PBXContainerItemProxy section */
		B2CDCF901983D66A0087F0AF /* PBXContainerItemProxy */ = {
			isa = PBXContainerItemProxy;
			containerPortal = B2CDCF681983D66A0087F0AF /* Project object */;
			proxyType = 1;
			remoteGlobalIDString = B2CDCF6F1983D66A0087F0AF;
			remoteInfo = Idbt;
		};
/* End PBXContainerItemProxy section */

/* Begin PBXFileReference section */
		0D9D148599FB435988029055 /* libPods.a */ = {isa = PBXFileReference; explicitFileType = archive.ar; includeInIndex = 0; path = libPods.a; sourceTree = BUILT_PRODUCTS_DIR; };
		4F9DE2857D744BBFBB95DC41 /* Pods.xcconfig */ = {isa = PBXFileReference; includeInIndex = 1; lastKnownFileType = text.xcconfig; name = Pods.xcconfig; path = Pods/Pods.xcconfig; sourceTree = "<group>"; };
		B22009A3198C8D4000C32CBD /* HNCIdobataApp.h */ = {isa = PBXFileReference; fileEncoding = 4; lastKnownFileType = sourcecode.c.h; path = HNCIdobataApp.h; sourceTree = "<group>"; };
		B22009A4198C8D4000C32CBD /* HNCIdobataApp.m */ = {isa = PBXFileReference; fileEncoding = 4; lastKnownFileType = sourcecode.c.objc; path = HNCIdobataApp.m; sourceTree = "<group>"; };
		B2CDCF701983D66A0087F0AF /* Idbt.app */ = {isa = PBXFileReference; explicitFileType = wrapper.application; includeInIndex = 0; path = Idbt.app; sourceTree = BUILT_PRODUCTS_DIR; };
		B2CDCF731983D66A0087F0AF /* Foundation.framework */ = {isa = PBXFileReference; lastKnownFileType = wrapper.framework; name = Foundation.framework; path = System/Library/Frameworks/Foundation.framework; sourceTree = SDKROOT; };
		B2CDCF751983D66A0087F0AF /* CoreGraphics.framework */ = {isa = PBXFileReference; lastKnownFileType = wrapper.framework; name = CoreGraphics.framework; path = System/Library/Frameworks/CoreGraphics.framework; sourceTree = SDKROOT; };
		B2CDCF771983D66A0087F0AF /* UIKit.framework */ = {isa = PBXFileReference; lastKnownFileType = wrapper.framework; name = UIKit.framework; path = System/Library/Frameworks/UIKit.framework; sourceTree = SDKROOT; };
		B2CDCF7B1983D66A0087F0AF /* Idbt-Info.plist */ = {isa = PBXFileReference; lastKnownFileType = text.plist.xml; path = "Idbt-Info.plist"; sourceTree = "<group>"; };
		B2CDCF7D1983D66A0087F0AF /* en */ = {isa = PBXFileReference; lastKnownFileType = text.plist.strings; name = en; path = en.lproj/InfoPlist.strings; sourceTree = "<group>"; };
		B2CDCF7F1983D66A0087F0AF /* main.m */ = {isa = PBXFileReference; lastKnownFileType = sourcecode.c.objc; path = main.m; sourceTree = "<group>"; };
		B2CDCF811983D66A0087F0AF /* Idbt-Prefix.pch */ = {isa = PBXFileReference; lastKnownFileType = sourcecode.c.h; path = "Idbt-Prefix.pch"; sourceTree = "<group>"; };
		B2CDCF821983D66A0087F0AF /* HNCAppDelegate.h */ = {isa = PBXFileReference; lastKnownFileType = sourcecode.c.h; path = HNCAppDelegate.h; sourceTree = "<group>"; };
		B2CDCF831983D66A0087F0AF /* HNCAppDelegate.m */ = {isa = PBXFileReference; lastKnownFileType = sourcecode.c.objc; path = HNCAppDelegate.m; sourceTree = "<group>"; };
		B2CDCF851983D66A0087F0AF /* Images.xcassets */ = {isa = PBXFileReference; lastKnownFileType = folder.assetcatalog; path = Images.xcassets; sourceTree = "<group>"; };
		B2CDCF8B1983D66A0087F0AF /* IdbtTests.xctest */ = {isa = PBXFileReference; explicitFileType = wrapper.cfbundle; includeInIndex = 0; path = IdbtTests.xctest; sourceTree = BUILT_PRODUCTS_DIR; };
		B2CDCF8C1983D66A0087F0AF /* XCTest.framework */ = {isa = PBXFileReference; lastKnownFileType = wrapper.framework; name = XCTest.framework; path = Library/Frameworks/XCTest.framework; sourceTree = DEVELOPER_DIR; };
		B2CDCF941983D66B0087F0AF /* IdbtTests-Info.plist */ = {isa = PBXFileReference; lastKnownFileType = text.plist.xml; path = "IdbtTests-Info.plist"; sourceTree = "<group>"; };
		B2CDCF961983D66B0087F0AF /* en */ = {isa = PBXFileReference; lastKnownFileType = text.plist.strings; name = en; path = en.lproj/InfoPlist.strings; sourceTree = "<group>"; };
		B2CDCF981983D66B0087F0AF /* IdbtTests.m */ = {isa = PBXFileReference; lastKnownFileType = sourcecode.c.objc; path = IdbtTests.m; sourceTree = "<group>"; };
		B2CDCFA21983D7B00087F0AF /* Storyboard.storyboard */ = {isa = PBXFileReference; fileEncoding = 4; lastKnownFileType = file.storyboard; path = Storyboard.storyboard; sourceTree = "<group>"; };
		B2CDCFA41983D85C0087F0AF /* HNCTopViewController.h */ = {isa = PBXFileReference; fileEncoding = 4; lastKnownFileType = sourcecode.c.h; path = HNCTopViewController.h; sourceTree = "<group>"; };
		B2CDCFA51983D85C0087F0AF /* HNCTopViewController.m */ = {isa = PBXFileReference; fileEncoding = 4; lastKnownFileType = sourcecode.c.objc; path = HNCTopViewController.m; sourceTree = "<group>"; };
		B2CDCFA61983D85C0087F0AF /* HNCTopViewController.xib */ = {isa = PBXFileReference; fileEncoding = 4; lastKnownFileType = file.xib; path = HNCTopViewController.xib; sourceTree = "<group>"; };
		B2CDCFA91983DEBB0087F0AF /* HNCSettingsViewController.h */ = {isa = PBXFileReference; fileEncoding = 4; lastKnownFileType = sourcecode.c.h; path = HNCSettingsViewController.h; sourceTree = "<group>"; };
		B2CDCFAA1983DEBB0087F0AF /* HNCSettingsViewController.m */ = {isa = PBXFileReference; fileEncoding = 4; lastKnownFileType = sourcecode.c.objc; path = HNCSettingsViewController.m; sourceTree = "<group>"; };
		B2CDCFAC1983E4E10087F0AF /* HNCIdobataClient.h */ = {isa = PBXFileReference; fileEncoding = 4; lastKnownFileType = sourcecode.c.h; path = HNCIdobataClient.h; sourceTree = "<group>"; };
		B2CDCFAD1983E4E10087F0AF /* HNCIdobataClient.m */ = {isa = PBXFileReference; fileEncoding = 4; lastKnownFileType = sourcecode.c.objc; path = HNCIdobataClient.m; sourceTree = "<group>"; };
		B2E8EACC198BEB1500B1B415 /* HNCRoomsTableViewCell.h */ = {isa = PBXFileReference; fileEncoding = 4; lastKnownFileType = sourcecode.c.h; path = HNCRoomsTableViewCell.h; sourceTree = "<group>"; };
		B2E8EACD198BEB1500B1B415 /* HNCRoomsTableViewCell.m */ = {isa = PBXFileReference; fileEncoding = 4; lastKnownFileType = sourcecode.c.objc; path = HNCRoomsTableViewCell.m; sourceTree = "<group>"; };
		B2E8EACE198BEB1500B1B415 /* HNCRoomsTableViewCell.xib */ = {isa = PBXFileReference; fileEncoding = 4; lastKnownFileType = file.xib; path = HNCRoomsTableViewCell.xib; sourceTree = "<group>"; };
		B2E8EAD1198BEC3700B1B415 /* HNCRoomsTableViewConstant.h */ = {isa = PBXFileReference; fileEncoding = 4; lastKnownFileType = sourcecode.c.h; path = HNCRoomsTableViewConstant.h; sourceTree = "<group>"; };
		B2EC47251984EF6000715B48 /* HNCIdobataSeed.h */ = {isa = PBXFileReference; fileEncoding = 4; lastKnownFileType = sourcecode.c.h; path = HNCIdobataSeed.h; sourceTree = "<group>"; };
		B2EC47261984EF6000715B48 /* HNCIdobataSeed.m */ = {isa = PBXFileReference; fileEncoding = 4; lastKnownFileType = sourcecode.c.objc; path = HNCIdobataSeed.m; sourceTree = "<group>"; };
		B2EC47281984FBD600715B48 /* HNCIdobataMessage.h */ = {isa = PBXFileReference; fileEncoding = 4; lastKnownFileType = sourcecode.c.h; path = HNCIdobataMessage.h; sourceTree = "<group>"; };
		B2EC47291984FBD600715B48 /* HNCIdobataMessage.m */ = {isa = PBXFileReference; fileEncoding = 4; lastKnownFileType = sourcecode.c.objc; path = HNCIdobataMessage.m; sourceTree = "<group>"; };
		B2EC472B1985181200715B48 /* HNCMessagesTableViewController.h */ = {isa = PBXFileReference; fileEncoding = 4; lastKnownFileType = sourcecode.c.h; path = HNCMessagesTableViewController.h; sourceTree = "<group>"; };
		B2EC472C1985181200715B48 /* HNCMessagesTableViewController.m */ = {isa = PBXFileReference; fileEncoding = 4; lastKnownFileType = sourcecode.c.objc; path = HNCMessagesTableViewController.m; sourceTree = "<group>"; };
		B2EC472F19851A7A00715B48 /* HNCMessagesTableViewCell.h */ = {isa = PBXFileReference; fileEncoding = 4; lastKnownFileType = sourcecode.c.h; path = HNCMessagesTableViewCell.h; sourceTree = "<group>"; };
		B2EC473019851A7A00715B48 /* HNCMessagesTableViewCell.m */ = {isa = PBXFileReference; fileEncoding = 4; lastKnownFileType = sourcecode.c.objc; path = HNCMessagesTableViewCell.m; sourceTree = "<group>"; };
		B2EC473119851A7A00715B48 /* HNCMessagesTableViewCell.xib */ = {isa = PBXFileReference; fileEncoding = 4; lastKnownFileType = file.xib; path = HNCMessagesTableViewCell.xib; sourceTree = "<group>"; };
		B2EC473419851F2500715B48 /* HNCMessagesTableViewConstant.h */ = {isa = PBXFileReference; fileEncoding = 4; lastKnownFileType = sourcecode.c.h; path = HNCMessagesTableViewConstant.h; sourceTree = "<group>"; };
		B2EC473519851F2500715B48 /* HNCMessagesTableViewConstant.m */ = {isa = PBXFileReference; fileEncoding = 4; lastKnownFileType = sourcecode.c.objc; path = HNCMessagesTableViewConstant.m; sourceTree = "<group>"; };
		B2F05315198A6EF80026CC72 /* HNCRoomsTableViewController.h */ = {isa = PBXFileReference; fileEncoding = 4; lastKnownFileType = sourcecode.c.h; path = HNCRoomsTableViewController.h; sourceTree = "<group>"; };
		B2F05316198A6EF80026CC72 /* HNCRoomsTableViewController.m */ = {isa = PBXFileReference; fileEncoding = 4; lastKnownFileType = sourcecode.c.objc; path = HNCRoomsTableViewController.m; sourceTree = "<group>"; };
		B2F05317198A6EF80026CC72 /* HNCRoomsControllerTableViewController.xib */ = {isa = PBXFileReference; fileEncoding = 4; lastKnownFileType = file.xib; path = HNCRoomsControllerTableViewController.xib; sourceTree = "<group>"; };
		B2F0531D198A72760026CC72 /* HNCIdobataRoom.h */ = {isa = PBXFileReference; fileEncoding = 4; lastKnownFileType = sourcecode.c.h; path = HNCIdobataRoom.h; sourceTree = "<group>"; };
		B2F0531E198A72760026CC72 /* HNCIdobataRoom.m */ = {isa = PBXFileReference; fileEncoding = 4; lastKnownFileType = sourcecode.c.objc; path = HNCIdobataRoom.m; sourceTree = "<group>"; };
/* End PBXFileReference section */

/* Begin PBXFrameworksBuildPhase section */
		B2CDCF6D1983D66A0087F0AF /* Frameworks */ = {
			isa = PBXFrameworksBuildPhase;
			buildActionMask = 2147483647;
			files = (
				B2CDCF761983D66A0087F0AF /* CoreGraphics.framework in Frameworks */,
				B2CDCF781983D66A0087F0AF /* UIKit.framework in Frameworks */,
				B2CDCF741983D66A0087F0AF /* Foundation.framework in Frameworks */,
				F6018AF1175B4999ABE8143C /* libPods.a in Frameworks */,
			);
			runOnlyForDeploymentPostprocessing = 0;
		};
		B2CDCF881983D66A0087F0AF /* Frameworks */ = {
			isa = PBXFrameworksBuildPhase;
			buildActionMask = 2147483647;
			files = (
				B2CDCF8D1983D66A0087F0AF /* XCTest.framework in Frameworks */,
				B2CDCF8F1983D66A0087F0AF /* UIKit.framework in Frameworks */,
				B2CDCF8E1983D66A0087F0AF /* Foundation.framework in Frameworks */,
			);
			runOnlyForDeploymentPostprocessing = 0;
		};
/* End PBXFrameworksBuildPhase section */

/* Begin PBXGroup section */
		B22009A2198C8D2200C32CBD /* Idobata */ = {
			isa = PBXGroup;
			children = (
				B2CDCFAC1983E4E10087F0AF /* HNCIdobataClient.h */,
				B2CDCFAD1983E4E10087F0AF /* HNCIdobataClient.m */,
				B2EC47281984FBD600715B48 /* HNCIdobataMessage.h */,
				B2EC47291984FBD600715B48 /* HNCIdobataMessage.m */,
				B2F0531D198A72760026CC72 /* HNCIdobataRoom.h */,
				B2F0531E198A72760026CC72 /* HNCIdobataRoom.m */,
				B2EC47251984EF6000715B48 /* HNCIdobataSeed.h */,
				B2EC47261984EF6000715B48 /* HNCIdobataSeed.m */,
				B22009A3198C8D4000C32CBD /* HNCIdobataApp.h */,
				B22009A4198C8D4000C32CBD /* HNCIdobataApp.m */,
			);
			name = Idobata;
			sourceTree = "<group>";
		};
		B2CDCF671983D66A0087F0AF = {
			isa = PBXGroup;
			children = (
				B2CDCF791983D66A0087F0AF /* Idbt */,
				B2CDCF921983D66A0087F0AF /* IdbtTests */,
				B2CDCF721983D66A0087F0AF /* Frameworks */,
				B2CDCF711983D66A0087F0AF /* Products */,
				4F9DE2857D744BBFBB95DC41 /* Pods.xcconfig */,
			);
			sourceTree = "<group>";
		};
		B2CDCF711983D66A0087F0AF /* Products */ = {
			isa = PBXGroup;
			children = (
				B2CDCF701983D66A0087F0AF /* Idbt.app */,
				B2CDCF8B1983D66A0087F0AF /* IdbtTests.xctest */,
			);
			name = Products;
			sourceTree = "<group>";
		};
		B2CDCF721983D66A0087F0AF /* Frameworks */ = {
			isa = PBXGroup;
			children = (
				B2CDCF731983D66A0087F0AF /* Foundation.framework */,
				B2CDCF751983D66A0087F0AF /* CoreGraphics.framework */,
				B2CDCF771983D66A0087F0AF /* UIKit.framework */,
				B2CDCF8C1983D66A0087F0AF /* XCTest.framework */,
				0D9D148599FB435988029055 /* libPods.a */,
			);
			name = Frameworks;
			sourceTree = "<group>";
		};
		B2CDCF791983D66A0087F0AF /* Idbt */ = {
			isa = PBXGroup;
			children = (
				B22009A2198C8D2200C32CBD /* Idobata */,
				B2EC472E19851A2C00715B48 /* MessagesTableCell */,
				B2CDCFA91983DEBB0087F0AF /* HNCSettingsViewController.h */,
				B2CDCFAA1983DEBB0087F0AF /* HNCSettingsViewController.m */,
				B2CDCFA41983D85C0087F0AF /* HNCTopViewController.h */,
				B2CDCFA51983D85C0087F0AF /* HNCTopViewController.m */,
				B2CDCFA61983D85C0087F0AF /* HNCTopViewController.xib */,
				B2CDCF821983D66A0087F0AF /* HNCAppDelegate.h */,
				B2CDCF831983D66A0087F0AF /* HNCAppDelegate.m */,
				B2CDCFA21983D7B00087F0AF /* Storyboard.storyboard */,
				B2F05315198A6EF80026CC72 /* HNCRoomsTableViewController.h */,
				B2F05316198A6EF80026CC72 /* HNCRoomsTableViewController.m */,
				B2E8EACC198BEB1500B1B415 /* HNCRoomsTableViewCell.h */,
				B2E8EACD198BEB1500B1B415 /* HNCRoomsTableViewCell.m */,
				B2E8EACE198BEB1500B1B415 /* HNCRoomsTableViewCell.xib */,
				B2F05317198A6EF80026CC72 /* HNCRoomsControllerTableViewController.xib */,
				B2EC472B1985181200715B48 /* HNCMessagesTableViewController.h */,
				B2EC472C1985181200715B48 /* HNCMessagesTableViewController.m */,
				B2E8EAD1198BEC3700B1B415 /* HNCRoomsTableViewConstant.h */,
				B2CDCF851983D66A0087F0AF /* Images.xcassets */,
				B2CDCF7A1983D66A0087F0AF /* Supporting Files */,
				B2EC473419851F2500715B48 /* HNCMessagesTableViewConstant.h */,
				B2EC473519851F2500715B48 /* HNCMessagesTableViewConstant.m */,
			);
			path = Idbt;
			sourceTree = "<group>";
		};
		B2CDCF7A1983D66A0087F0AF /* Supporting Files */ = {
			isa = PBXGroup;
			children = (
				B2CDCF7B1983D66A0087F0AF /* Idbt-Info.plist */,
				B2CDCF7C1983D66A0087F0AF /* InfoPlist.strings */,
				B2CDCF7F1983D66A0087F0AF /* main.m */,
				B2CDCF811983D66A0087F0AF /* Idbt-Prefix.pch */,
			);
			name = "Supporting Files";
			sourceTree = "<group>";
		};
		B2CDCF921983D66A0087F0AF /* IdbtTests */ = {
			isa = PBXGroup;
			children = (
				B2CDCF981983D66B0087F0AF /* IdbtTests.m */,
				B2CDCF931983D66B0087F0AF /* Supporting Files */,
			);
			path = IdbtTests;
			sourceTree = "<group>";
		};
		B2CDCF931983D66B0087F0AF /* Supporting Files */ = {
			isa = PBXGroup;
			children = (
				B2CDCF941983D66B0087F0AF /* IdbtTests-Info.plist */,
				B2CDCF951983D66B0087F0AF /* InfoPlist.strings */,
			);
			name = "Supporting Files";
			sourceTree = "<group>";
		};
		B2EC472E19851A2C00715B48 /* MessagesTableCell */ = {
			isa = PBXGroup;
			children = (
				B2EC472F19851A7A00715B48 /* HNCMessagesTableViewCell.h */,
				B2EC473019851A7A00715B48 /* HNCMessagesTableViewCell.m */,
				B2EC473119851A7A00715B48 /* HNCMessagesTableViewCell.xib */,
			);
			name = MessagesTableCell;
			sourceTree = "<group>";
		};
/* End PBXGroup section */

/* Begin PBXNativeTarget section */
		B2CDCF6F1983D66A0087F0AF /* Idbt */ = {
			isa = PBXNativeTarget;
			buildConfigurationList = B2CDCF9C1983D66B0087F0AF /* Build configuration list for PBXNativeTarget "Idbt" */;
			buildPhases = (
				DCD04AF43B6445FBBE0D89ED /* Check Pods Manifest.lock */,
				B2CDCF6C1983D66A0087F0AF /* Sources */,
				B2CDCF6D1983D66A0087F0AF /* Frameworks */,
				B2CDCF6E1983D66A0087F0AF /* Resources */,
				56295E91A54F44CD81BF05F9 /* Copy Pods Resources */,
			);
			buildRules = (
			);
			dependencies = (
			);
			name = Idbt;
			productName = Idbt;
			productReference = B2CDCF701983D66A0087F0AF /* Idbt.app */;
			productType = "com.apple.product-type.application";
		};
		B2CDCF8A1983D66A0087F0AF /* IdbtTests */ = {
			isa = PBXNativeTarget;
			buildConfigurationList = B2CDCF9F1983D66B0087F0AF /* Build configuration list for PBXNativeTarget "IdbtTests" */;
			buildPhases = (
				B2CDCF871983D66A0087F0AF /* Sources */,
				B2CDCF881983D66A0087F0AF /* Frameworks */,
				B2CDCF891983D66A0087F0AF /* Resources */,
			);
			buildRules = (
			);
			dependencies = (
				B2CDCF911983D66A0087F0AF /* PBXTargetDependency */,
			);
			name = IdbtTests;
			productName = IdbtTests;
			productReference = B2CDCF8B1983D66A0087F0AF /* IdbtTests.xctest */;
			productType = "com.apple.product-type.bundle.unit-test";
		};
/* End PBXNativeTarget section */

/* Begin PBXProject section */
		B2CDCF681983D66A0087F0AF /* Project object */ = {
			isa = PBXProject;
			attributes = {
				CLASSPREFIX = HNC;
				LastUpgradeCheck = 0510;
				ORGANIZATIONNAME = "Seiei Higa";
				TargetAttributes = {
					B2CDCF8A1983D66A0087F0AF = {
						TestTargetID = B2CDCF6F1983D66A0087F0AF;
					};
				};
			};
			buildConfigurationList = B2CDCF6B1983D66A0087F0AF /* Build configuration list for PBXProject "Idbt" */;
			compatibilityVersion = "Xcode 3.2";
			developmentRegion = English;
			hasScannedForEncodings = 0;
			knownRegions = (
				en,
			);
			mainGroup = B2CDCF671983D66A0087F0AF;
			productRefGroup = B2CDCF711983D66A0087F0AF /* Products */;
			projectDirPath = "";
			projectRoot = "";
			targets = (
				B2CDCF6F1983D66A0087F0AF /* Idbt */,
				B2CDCF8A1983D66A0087F0AF /* IdbtTests */,
			);
		};
/* End PBXProject section */

/* Begin PBXResourcesBuildPhase section */
		B2CDCF6E1983D66A0087F0AF /* Resources */ = {
			isa = PBXResourcesBuildPhase;
			buildActionMask = 2147483647;
			files = (
				B2F05319198A6EF80026CC72 /* HNCRoomsControllerTableViewController.xib in Resources */,
				B2CDCFA81983D85C0087F0AF /* HNCTopViewController.xib in Resources */,
				B2CDCF7E1983D66A0087F0AF /* InfoPlist.strings in Resources */,
				B2EC473319851A7A00715B48 /* HNCMessagesTableViewCell.xib in Resources */,
				B2CDCF861983D66A0087F0AF /* Images.xcassets in Resources */,
				B2E8EAD0198BEB1500B1B415 /* HNCRoomsTableViewCell.xib in Resources */,
				B2CDCFA31983D7B00087F0AF /* Storyboard.storyboard in Resources */,
			);
			runOnlyForDeploymentPostprocessing = 0;
		};
		B2CDCF891983D66A0087F0AF /* Resources */ = {
			isa = PBXResourcesBuildPhase;
			buildActionMask = 2147483647;
			files = (
				B2CDCF971983D66B0087F0AF /* InfoPlist.strings in Resources */,
			);
			runOnlyForDeploymentPostprocessing = 0;
		};
/* End PBXResourcesBuildPhase section */

/* Begin PBXShellScriptBuildPhase section */
		56295E91A54F44CD81BF05F9 /* Copy Pods Resources */ = {
			isa = PBXShellScriptBuildPhase;
			buildActionMask = 2147483647;
			files = (
			);
			inputPaths = (
			);
			name = "Copy Pods Resources";
			outputPaths = (
			);
			runOnlyForDeploymentPostprocessing = 0;
			shellPath = /bin/sh;
			shellScript = "\"${SRCROOT}/Pods/Pods-resources.sh\"\n";
			showEnvVarsInLog = 0;
		};
		DCD04AF43B6445FBBE0D89ED /* Check Pods Manifest.lock */ = {
			isa = PBXShellScriptBuildPhase;
			buildActionMask = 2147483647;
			files = (
			);
			inputPaths = (
			);
			name = "Check Pods Manifest.lock";
			outputPaths = (
			);
			runOnlyForDeploymentPostprocessing = 0;
			shellPath = /bin/sh;
			shellScript = "diff \"${PODS_ROOT}/../Podfile.lock\" \"${PODS_ROOT}/Manifest.lock\" > /dev/null\nif [[ $? != 0 ]] ; then\n    cat << EOM\nerror: The sandbox is not in sync with the Podfile.lock. Run 'pod install' or update your CocoaPods installation.\nEOM\n    exit 1\nfi\n";
			showEnvVarsInLog = 0;
		};
/* End PBXShellScriptBuildPhase section */

/* Begin PBXSourcesBuildPhase section */
		B2CDCF6C1983D66A0087F0AF /* Sources */ = {
			isa = PBXSourcesBuildPhase;
			buildActionMask = 2147483647;
			files = (
				B2CDCF841983D66A0087F0AF /* HNCAppDelegate.m in Sources */,
				B2EC473619851F2500715B48 /* HNCMessagesTableViewConstant.m in Sources */,
				B22009A5198C8D4000C32CBD /* HNCIdobataApp.m in Sources */,
				B2F05318198A6EF80026CC72 /* HNCRoomsTableViewController.m in Sources */,
				B2CDCFAE1983E4E10087F0AF /* HNCIdobataClient.m in Sources */,
				B2CDCFA71983D85C0087F0AF /* HNCTopViewController.m in Sources */,
				B2EC473219851A7A00715B48 /* HNCMessagesTableViewCell.m in Sources */,
				B2CDCF801983D66A0087F0AF /* main.m in Sources */,
				B2EC472A1984FBD600715B48 /* HNCIdobataMessage.m in Sources */,
				B2E8EACF198BEB1500B1B415 /* HNCRoomsTableViewCell.m in Sources */,
				B2CDCFAB1983DEBB0087F0AF /* HNCSettingsViewController.m in Sources */,
				B2F0531F198A72760026CC72 /* HNCIdobataRoom.m in Sources */,
				B2EC472D1985181200715B48 /* HNCMessagesTableViewController.m in Sources */,
				B2EC47271984EF6000715B48 /* HNCIdobataSeed.m in Sources */,
			);
			runOnlyForDeploymentPostprocessing = 0;
		};
		B2CDCF871983D66A0087F0AF /* Sources */ = {
			isa = PBXSourcesBuildPhase;
			buildActionMask = 2147483647;
			files = (
				B2CDCF991983D66B0087F0AF /* IdbtTests.m in Sources */,
			);
			runOnlyForDeploymentPostprocessing = 0;
		};
/* End PBXSourcesBuildPhase section */

/* Begin PBXTargetDependency section */
		B2CDCF911983D66A0087F0AF /* PBXTargetDependency */ = {
			isa = PBXTargetDependency;
			target = B2CDCF6F1983D66A0087F0AF /* Idbt */;
			targetProxy = B2CDCF901983D66A0087F0AF /* PBXContainerItemProxy */;
		};
/* End PBXTargetDependency section */

/* Begin PBXVariantGroup section */
		B2CDCF7C1983D66A0087F0AF /* InfoPlist.strings */ = {
			isa = PBXVariantGroup;
			children = (
				B2CDCF7D1983D66A0087F0AF /* en */,
			);
			name = InfoPlist.strings;
			sourceTree = "<group>";
		};
		B2CDCF951983D66B0087F0AF /* InfoPlist.strings */ = {
			isa = PBXVariantGroup;
			children = (
				B2CDCF961983D66B0087F0AF /* en */,
			);
			name = InfoPlist.strings;
			sourceTree = "<group>";
		};
/* End PBXVariantGroup section */

/* Begin XCBuildConfiguration section */
		B2CDCF9A1983D66B0087F0AF /* Debug */ = {
			isa = XCBuildConfiguration;
			buildSettings = {
				ALWAYS_SEARCH_USER_PATHS = NO;
				CLANG_CXX_LANGUAGE_STANDARD = "gnu++0x";
				CLANG_CXX_LIBRARY = "libc++";
				CLANG_ENABLE_MODULES = YES;
				CLANG_ENABLE_OBJC_ARC = YES;
				CLANG_WARN_BOOL_CONVERSION = YES;
				CLANG_WARN_CONSTANT_CONVERSION = YES;
				CLANG_WARN_DIRECT_OBJC_ISA_USAGE = YES_ERROR;
				CLANG_WARN_EMPTY_BODY = YES;
				CLANG_WARN_ENUM_CONVERSION = YES;
				CLANG_WARN_INT_CONVERSION = YES;
				CLANG_WARN_OBJC_ROOT_CLASS = YES_ERROR;
				CLANG_WARN__DUPLICATE_METHOD_MATCH = YES;
				"CODE_SIGN_IDENTITY[sdk=iphoneos*]" = "iPhone Developer";
				COPY_PHASE_STRIP = NO;
				GCC_C_LANGUAGE_STANDARD = gnu99;
				GCC_DYNAMIC_NO_PIC = NO;
				GCC_OPTIMIZATION_LEVEL = 0;
				GCC_PREPROCESSOR_DEFINITIONS = (
					"DEBUG=1",
					"$(inherited)",
				);
				GCC_SYMBOLS_PRIVATE_EXTERN = NO;
				GCC_WARN_64_TO_32_BIT_CONVERSION = YES;
				GCC_WARN_ABOUT_RETURN_TYPE = YES_ERROR;
				GCC_WARN_UNDECLARED_SELECTOR = YES;
				GCC_WARN_UNINITIALIZED_AUTOS = YES_AGGRESSIVE;
				GCC_WARN_UNUSED_FUNCTION = YES;
				GCC_WARN_UNUSED_VARIABLE = YES;
				IPHONEOS_DEPLOYMENT_TARGET = 7.1;
				ONLY_ACTIVE_ARCH = YES;
				SDKROOT = iphoneos;
			};
			name = Debug;
		};
		B2CDCF9B1983D66B0087F0AF /* Release */ = {
			isa = XCBuildConfiguration;
			buildSettings = {
				ALWAYS_SEARCH_USER_PATHS = NO;
				CLANG_CXX_LANGUAGE_STANDARD = "gnu++0x";
				CLANG_CXX_LIBRARY = "libc++";
				CLANG_ENABLE_MODULES = YES;
				CLANG_ENABLE_OBJC_ARC = YES;
				CLANG_WARN_BOOL_CONVERSION = YES;
				CLANG_WARN_CONSTANT_CONVERSION = YES;
				CLANG_WARN_DIRECT_OBJC_ISA_USAGE = YES_ERROR;
				CLANG_WARN_EMPTY_BODY = YES;
				CLANG_WARN_ENUM_CONVERSION = YES;
				CLANG_WARN_INT_CONVERSION = YES;
				CLANG_WARN_OBJC_ROOT_CLASS = YES_ERROR;
				CLANG_WARN__DUPLICATE_METHOD_MATCH = YES;
				"CODE_SIGN_IDENTITY[sdk=iphoneos*]" = "iPhone Developer";
				COPY_PHASE_STRIP = YES;
				ENABLE_NS_ASSERTIONS = NO;
				GCC_C_LANGUAGE_STANDARD = gnu99;
				GCC_WARN_64_TO_32_BIT_CONVERSION = YES;
				GCC_WARN_ABOUT_RETURN_TYPE = YES_ERROR;
				GCC_WARN_UNDECLARED_SELECTOR = YES;
				GCC_WARN_UNINITIALIZED_AUTOS = YES_AGGRESSIVE;
				GCC_WARN_UNUSED_FUNCTION = YES;
				GCC_WARN_UNUSED_VARIABLE = YES;
				IPHONEOS_DEPLOYMENT_TARGET = 7.1;
				SDKROOT = iphoneos;
				VALIDATE_PRODUCT = YES;
			};
			name = Release;
		};
		B2CDCF9D1983D66B0087F0AF /* Debug */ = {
			isa = XCBuildConfiguration;
			baseConfigurationReference = 4F9DE2857D744BBFBB95DC41 /* Pods.xcconfig */;
			buildSettings = {
				ASSETCATALOG_COMPILER_APPICON_NAME = AppIcon;
				ASSETCATALOG_COMPILER_LAUNCHIMAGE_NAME = LaunchImage;
				GCC_PRECOMPILE_PREFIX_HEADER = YES;
				GCC_PREFIX_HEADER = "Idbt/Idbt-Prefix.pch";
				INFOPLIST_FILE = "Idbt/Idbt-Info.plist";
				PRODUCT_NAME = "$(TARGET_NAME)";
				WRAPPER_EXTENSION = app;
			};
			name = Debug;
		};
		B2CDCF9E1983D66B0087F0AF /* Release */ = {
			isa = XCBuildConfiguration;
			baseConfigurationReference = 4F9DE2857D744BBFBB95DC41 /* Pods.xcconfig */;
			buildSettings = {
				ASSETCATALOG_COMPILER_APPICON_NAME = AppIcon;
				ASSETCATALOG_COMPILER_LAUNCHIMAGE_NAME = LaunchImage;
				GCC_PRECOMPILE_PREFIX_HEADER = YES;
				GCC_PREFIX_HEADER = "Idbt/Idbt-Prefix.pch";
				INFOPLIST_FILE = "Idbt/Idbt-Info.plist";
				PRODUCT_NAME = "$(TARGET_NAME)";
				WRAPPER_EXTENSION = app;
			};
			name = Release;
		};
		B2CDCFA01983D66B0087F0AF /* Debug */ = {
			isa = XCBuildConfiguration;
			buildSettings = {
				BUNDLE_LOADER = "$(BUILT_PRODUCTS_DIR)/Idbt.app/Idbt";
				FRAMEWORK_SEARCH_PATHS = (
					"$(SDKROOT)/Developer/Library/Frameworks",
					"$(inherited)",
					"$(DEVELOPER_FRAMEWORKS_DIR)",
				);
				GCC_PRECOMPILE_PREFIX_HEADER = YES;
				GCC_PREFIX_HEADER = "Idbt/Idbt-Prefix.pch";
				GCC_PREPROCESSOR_DEFINITIONS = (
					"DEBUG=1",
					"$(inherited)",
				);
				INFOPLIST_FILE = "IdbtTests/IdbtTests-Info.plist";
				PRODUCT_NAME = "$(TARGET_NAME)";
				TEST_HOST = "$(BUNDLE_LOADER)";
				WRAPPER_EXTENSION = xctest;
			};
			name = Debug;
		};
		B2CDCFA11983D66B0087F0AF /* Release */ = {
			isa = XCBuildConfiguration;
			buildSettings = {
				BUNDLE_LOADER = "$(BUILT_PRODUCTS_DIR)/Idbt.app/Idbt";
				FRAMEWORK_SEARCH_PATHS = (
					"$(SDKROOT)/Developer/Library/Frameworks",
					"$(inherited)",
					"$(DEVELOPER_FRAMEWORKS_DIR)",
				);
				GCC_PRECOMPILE_PREFIX_HEADER = YES;
				GCC_PREFIX_HEADER = "Idbt/Idbt-Prefix.pch";
				INFOPLIST_FILE = "IdbtTests/IdbtTests-Info.plist";
				PRODUCT_NAME = "$(TARGET_NAME)";
				TEST_HOST = "$(BUNDLE_LOADER)";
				WRAPPER_EXTENSION = xctest;
			};
			name = Release;
		};
/* End XCBuildConfiguration section */

/* Begin XCConfigurationList section */
		B2CDCF6B1983D66A0087F0AF /* Build configuration list for PBXProject "Idbt" */ = {
			isa = XCConfigurationList;
			buildConfigurations = (
				B2CDCF9A1983D66B0087F0AF /* Debug */,
				B2CDCF9B1983D66B0087F0AF /* Release */,
			);
			defaultConfigurationIsVisible = 0;
			defaultConfigurationName = Release;
		};
		B2CDCF9C1983D66B0087F0AF /* Build configuration list for PBXNativeTarget "Idbt" */ = {
			isa = XCConfigurationList;
			buildConfigurations = (
				B2CDCF9D1983D66B0087F0AF /* Debug */,
				B2CDCF9E1983D66B0087F0AF /* Release */,
			);
			defaultConfigurationIsVisible = 0;
			defaultConfigurationName = Release;
		};
		B2CDCF9F1983D66B0087F0AF /* Build configuration list for PBXNativeTarget "IdbtTests" */ = {
			isa = XCConfigurationList;
			buildConfigurations = (
				B2CDCFA01983D66B0087F0AF /* Debug */,
				B2CDCFA11983D66B0087F0AF /* Release */,
			);
			defaultConfigurationIsVisible = 0;
			defaultConfigurationName = Release;
		};
/* End XCConfigurationList section */
	};
	rootObject = B2CDCF681983D66A0087F0AF /* Project object */;
}
